
Microsoft Visual Studio Solution File, Format Version 12.00
# Visual Studio Version 17
VisualStudioVersion = 17.11.35431.28
MinimumVisualStudioVersion = 10.0.40219.1
Project("{FAE04EC0-301F-11D3-BF4B-00C04F79EFBC}") = "A. Create A New String", "A. Create A New String\A. Create A New String.csproj", "{259D59F3-B1EA-4DBF-AA81-F32ED51ED9B3}"
EndProject
Global
	GlobalSection(SolutionConfigurationPlatforms) = preSolution
		Debug|Any CPU = Debug|Any CPU
		Release|Any CPU = Release|Any CPU
	EndGlobalSection
	GlobalSection(ProjectConfigurationPlatforms) = postSolution
		{259D59F3-B1EA-4DBF-AA81-F32ED51ED9B3}.Debug|Any CPU.ActiveCfg = Debug|Any CPU
		{259D59F3-B1EA-4DBF-AA81-F32ED51ED9B3}.Debug|Any CPU.Build.0 = Debug|Any CPU
		{259D59F3-B1EA-4DBF-AA81-F32ED51ED9B3}.Release|Any CPU.ActiveCfg = Release|Any CPU
		{259D59F3-B1EA-4DBF-AA81-F32ED51ED9B3}.Release|Any CPU.Build.0 = Release|Any CPU
	EndGlobalSection
	GlobalSection(SolutionProperties) = preSolution
		HideSolutionNode = FALSE
	EndGlobalSection
	GlobalSection(ExtensibilityGlobals) = postSolution
		SolutionGuid = {1722A6E2-57C8-461C-9CD8-3D8676364024}
	EndGlobalSection
EndGlobal
